// !$*UTF8*$!
{
	archiveVersion = 1;
	classes = {
	};
	objectVersion = 56;
	objects = {

/* Begin PBXBuildFile section */
		924DA75C2BD940D00097AADC /* AppDelegate.swift in Sources */ = {isa = PBXBuildFile; fileRef = 924DA75B2BD940D00097AADC /* AppDelegate.swift */; };
		924DA75E2BD940D00097AADC /* SceneDelegate.swift in Sources */ = {isa = PBXBuildFile; fileRef = 924DA75D2BD940D00097AADC /* SceneDelegate.swift */; };
		924DA7602BD940D00097AADC /* LoginViewController.swift in Sources */ = {isa = PBXBuildFile; fileRef = 924DA75F2BD940D00097AADC /* LoginViewController.swift */; };
		924DA7632BD940D00097AADC /* Base in Resources */ = {isa = PBXBuildFile; fileRef = 924DA7622BD940D00097AADC /* Base */; };
		924DA7652BD940D20097AADC /* Assets.xcassets in Resources */ = {isa = PBXBuildFile; fileRef = 924DA7642BD940D20097AADC /* Assets.xcassets */; };
		924DA7682BD940D20097AADC /* Base in Resources */ = {isa = PBXBuildFile; fileRef = 924DA7672BD940D20097AADC /* Base */; };
		924DA7892BD962980097AADC /* Layout_Extension.swift in Sources */ = {isa = PBXBuildFile; fileRef = 924DA7832BD962980097AADC /* Layout_Extension.swift */; };
		924DA78A2BD962980097AADC /* Extensions.swift in Sources */ = {isa = PBXBuildFile; fileRef = 924DA7842BD962980097AADC /* Extensions.swift */; };
		924DA78B2BD962980097AADC /* NetworkHelper.swift in Sources */ = {isa = PBXBuildFile; fileRef = 924DA7852BD962980097AADC /* NetworkHelper.swift */; };
		924DA78C2BD962980097AADC /* KeychainHelper.swift in Sources */ = {isa = PBXBuildFile; fileRef = 924DA7862BD962980097AADC /* KeychainHelper.swift */; };
		924DA78D2BD962980097AADC /* NetworkManager.swift in Sources */ = {isa = PBXBuildFile; fileRef = 924DA7872BD962980097AADC /* NetworkManager.swift */; };
		924DA78E2BD962980097AADC /* UserDefaultsHelper.swift in Sources */ = {isa = PBXBuildFile; fileRef = 924DA7882BD962980097AADC /* UserDefaultsHelper.swift */; };
		924DA7912BD962A80097AADC /* SDWebImage in Frameworks */ = {isa = PBXBuildFile; productRef = 924DA7902BD962A80097AADC /* SDWebImage */; };
		924DA7932BD962A80097AADC /* SDWebImageMapKit in Frameworks */ = {isa = PBXBuildFile; productRef = 924DA7922BD962A80097AADC /* SDWebImageMapKit */; };
/* End PBXBuildFile section */

/* Begin PBXFileReference section */
		924DA7582BD940D00097AADC /* WeatherAPP.app */ = {isa = PBXFileReference; explicitFileType = wrapper.application; includeInIndex = 0; path = WeatherAPP.app; sourceTree = BUILT_PRODUCTS_DIR; };
		924DA75B2BD940D00097AADC /* AppDelegate.swift */ = {isa = PBXFileReference; lastKnownFileType = sourcecode.swift; path = AppDelegate.swift; sourceTree = "<group>"; };
		924DA75D2BD940D00097AADC /* SceneDelegate.swift */ = {isa = PBXFileReference; lastKnownFileType = sourcecode.swift; path = SceneDelegate.swift; sourceTree = "<group>"; };
		924DA75F2BD940D00097AADC /* LoginViewController.swift */ = {isa = PBXFileReference; lastKnownFileType = sourcecode.swift; path = LoginViewController.swift; sourceTree = "<group>"; };
		924DA7622BD940D00097AADC /* Base */ = {isa = PBXFileReference; lastKnownFileType = file.storyboard; name = Base; path = Base.lproj/Login.storyboard; sourceTree = "<group>"; };
		924DA7642BD940D20097AADC /* Assets.xcassets */ = {isa = PBXFileReference; lastKnownFileType = folder.assetcatalog; path = Assets.xcassets; sourceTree = "<group>"; };
		924DA7672BD940D20097AADC /* Base */ = {isa = PBXFileReference; lastKnownFileType = file.storyboard; name = Base; path = Base.lproj/LaunchScreen.storyboard; sourceTree = "<group>"; };
		924DA7692BD940D20097AADC /* Info.plist */ = {isa = PBXFileReference; lastKnownFileType = text.plist.xml; path = Info.plist; sourceTree = "<group>"; };
		924DA7832BD962980097AADC /* Layout_Extension.swift */ = {isa = PBXFileReference; fileEncoding = 4; lastKnownFileType = sourcecode.swift; path = Layout_Extension.swift; sourceTree = "<group>"; };
		924DA7842BD962980097AADC /* Extensions.swift */ = {isa = PBXFileReference; fileEncoding = 4; lastKnownFileType = sourcecode.swift; path = Extensions.swift; sourceTree = "<group>"; };
		924DA7852BD962980097AADC /* NetworkHelper.swift */ = {isa = PBXFileReference; fileEncoding = 4; lastKnownFileType = sourcecode.swift; path = NetworkHelper.swift; sourceTree = "<group>"; };
		924DA7862BD962980097AADC /* KeychainHelper.swift */ = {isa = PBXFileReference; fileEncoding = 4; lastKnownFileType = sourcecode.swift; path = KeychainHelper.swift; sourceTree = "<group>"; };
		924DA7872BD962980097AADC /* NetworkManager.swift */ = {isa = PBXFileReference; fileEncoding = 4; lastKnownFileType = sourcecode.swift; path = NetworkManager.swift; sourceTree = "<group>"; };
		924DA7882BD962980097AADC /* UserDefaultsHelper.swift */ = {isa = PBXFileReference; fileEncoding = 4; lastKnownFileType = sourcecode.swift; path = UserDefaultsHelper.swift; sourceTree = "<group>"; };
/* End PBXFileReference section */

/* Begin PBXFrameworksBuildPhase section */
		924DA7552BD940D00097AADC /* Frameworks */ = {
			isa = PBXFrameworksBuildPhase;
			buildActionMask = 2147483647;
			files = (
				924DA7932BD962A80097AADC /* SDWebImageMapKit in Frameworks */,
				924DA7912BD962A80097AADC /* SDWebImage in Frameworks */,
			);
			runOnlyForDeploymentPostprocessing = 0;
		};
/* End PBXFrameworksBuildPhase section */

/* Begin PBXGroup section */
		924DA74F2BD940D00097AADC = {
			isa = PBXGroup;
			children = (
				924DA75A2BD940D00097AADC /* WeatherAPP */,
				924DA7592BD940D00097AADC /* Products */,
			);
			sourceTree = "<group>";
		};
		924DA7592BD940D00097AADC /* Products */ = {
			isa = PBXGroup;
			children = (
				924DA7582BD940D00097AADC /* WeatherAPP.app */,
			);
			name = Products;
			sourceTree = "<group>";
		};
		924DA75A2BD940D00097AADC /* WeatherAPP */ = {
			isa = PBXGroup;
			children = (
				924DA75B2BD940D00097AADC /* AppDelegate.swift */,
				924DA75D2BD940D00097AADC /* SceneDelegate.swift */,
				924DA75F2BD940D00097AADC /* LoginViewController.swift */,
				924DA7612BD940D00097AADC /* Login.storyboard */,
				924DA7822BD962900097AADC /* Helpers */,
				924DA7642BD940D20097AADC /* Assets.xcassets */,
				924DA7662BD940D20097AADC /* LaunchScreen.storyboard */,
				924DA7692BD940D20097AADC /* Info.plist */,
			);
			path = WeatherAPP;
			sourceTree = "<group>";
		};
		924DA7822BD962900097AADC /* Helpers */ = {
			isa = PBXGroup;
			children = (
				924DA7842BD962980097AADC /* Extensions.swift */,
				924DA7862BD962980097AADC /* KeychainHelper.swift */,
				924DA7832BD962980097AADC /* Layout_Extension.swift */,
				924DA7852BD962980097AADC /* NetworkHelper.swift */,
				924DA7872BD962980097AADC /* NetworkManager.swift */,
				924DA7882BD962980097AADC /* UserDefaultsHelper.swift */,
			);
			path = Helpers;
			sourceTree = "<group>";
		};
/* End PBXGroup section */

/* Begin PBXNativeTarget section */
		924DA7572BD940D00097AADC /* WeatherAPP */ = {
			isa = PBXNativeTarget;
			buildConfigurationList = 924DA76C2BD940D20097AADC /* Build configuration list for PBXNativeTarget "WeatherAPP" */;
			buildPhases = (
				924DA7542BD940D00097AADC /* Sources */,
				924DA7552BD940D00097AADC /* Frameworks */,
				924DA7562BD940D00097AADC /* Resources */,
			);
			buildRules = (
			);
			dependencies = (
			);
			name = WeatherAPP;
			packageProductDependencies = (
				924DA7902BD962A80097AADC /* SDWebImage */,
				924DA7922BD962A80097AADC /* SDWebImageMapKit */,
			);
			productName = WeatherAPP;
			productReference = 924DA7582BD940D00097AADC /* WeatherAPP.app */;
			productType = "com.apple.product-type.application";
		};
/* End PBXNativeTarget section */

/* Begin PBXProject section */
		924DA7502BD940D00097AADC /* Project object */ = {
			isa = PBXProject;
			attributes = {
				BuildIndependentTargetsInParallel = 1;
				LastSwiftUpdateCheck = 1530;
				LastUpgradeCheck = 1530;
				TargetAttributes = {
					924DA7572BD940D00097AADC = {
						CreatedOnToolsVersion = 15.3;
					};
				};
			};
			buildConfigurationList = 924DA7532BD940D00097AADC /* Build configuration list for PBXProject "WeatherAPP" */;
			compatibilityVersion = "Xcode 14.0";
			developmentRegion = en;
			hasScannedForEncodings = 0;
			knownRegions = (
				en,
				Base,
			);
			mainGroup = 924DA74F2BD940D00097AADC;
			packageReferences = (
				924DA78F2BD962A80097AADC /* XCRemoteSwiftPackageReference "SDWebImage" */,
			);
			productRefGroup = 924DA7592BD940D00097AADC /* Products */;
			projectDirPath = "";
			projectRoot = "";
			targets = (
				924DA7572BD940D00097AADC /* WeatherAPP */,
			);
		};
/* End PBXProject section */

/* Begin PBXResourcesBuildPhase section */
		924DA7562BD940D00097AADC /* Resources */ = {
			isa = PBXResourcesBuildPhase;
			buildActionMask = 2147483647;
			files = (
				924DA7652BD940D20097AADC /* Assets.xcassets in Resources */,
				924DA7682BD940D20097AADC /* Base in Resources */,
				924DA7632BD940D00097AADC /* Base in Resources */,
			);
			runOnlyForDeploymentPostprocessing = 0;
		};
/* End PBXResourcesBuildPhase section */

/* Begin PBXSourcesBuildPhase section */
		924DA7542BD940D00097AADC /* Sources */ = {
			isa = PBXSourcesBuildPhase;
			buildActionMask = 2147483647;
			files = (
				924DA78E2BD962980097AADC /* UserDefaultsHelper.swift in Sources */,
				924DA78A2BD962980097AADC /* Extensions.swift in Sources */,
				924DA7602BD940D00097AADC /* LoginViewController.swift in Sources */,
				924DA7892BD962980097AADC /* Layout_Extension.swift in Sources */,
				924DA75C2BD940D00097AADC /* AppDelegate.swift in Sources */,
				924DA78D2BD962980097AADC /* NetworkManager.swift in Sources */,
				924DA78C2BD962980097AADC /* KeychainHelper.swift in Sources */,
				924DA78B2BD962980097AADC /* NetworkHelper.swift in Sources */,
				924DA75E2BD940D00097AADC /* SceneDelegate.swift in Sources */,
			);
			runOnlyForDeploymentPostprocessing = 0;
		};
/* End PBXSourcesBuildPhase section */

/* Begin PBXVariantGroup section */
		924DA7612BD940D00097AADC /* Login.storyboard */ = {
			isa = PBXVariantGroup;
			children = (
				924DA7622BD940D00097AADC /* Base */,
			);
			name = Login.storyboard;
			sourceTree = "<group>";
		};
		924DA7662BD940D20097AADC /* LaunchScreen.storyboard */ = {
			isa = PBXVariantGroup;
			children = (
				924DA7672BD940D20097AADC /* Base */,
			);
			name = LaunchScreen.storyboard;
			sourceTree = "<group>";
		};
/* End PBXVariantGroup section */

/* Begin XCBuildConfiguration section */
		924DA76A2BD940D20097AADC /* Debug */ = {
			isa = XCBuildConfiguration;
			buildSettings = {
				ALWAYS_SEARCH_USER_PATHS = NO;
				ASSETCATALOG_COMPILER_GENERATE_SWIFT_ASSET_SYMBOL_EXTENSIONS = YES;
				CLANG_ANALYZER_NONNULL = YES;
				CLANG_ANALYZER_NUMBER_OBJECT_CONVERSION = YES_AGGRESSIVE;
				CLANG_CXX_LANGUAGE_STANDARD = "gnu++20";
				CLANG_ENABLE_MODULES = YES;
				CLANG_ENABLE_OBJC_ARC = YES;
				CLANG_ENABLE_OBJC_WEAK = YES;
				CLANG_WARN_BLOCK_CAPTURE_AUTORELEASING = YES;
				CLANG_WARN_BOOL_CONVERSION = YES;
				CLANG_WARN_COMMA = YES;
				CLANG_WARN_CONSTANT_CONVERSION = YES;
				CLANG_WARN_DEPRECATED_OBJC_IMPLEMENTATIONS = YES;
				CLANG_WARN_DIRECT_OBJC_ISA_USAGE = YES_ERROR;
				CLANG_WARN_DOCUMENTATION_COMMENTS = YES;
				CLANG_WARN_EMPTY_BODY = YES;
				CLANG_WARN_ENUM_CONVERSION = YES;
				CLANG_WARN_INFINITE_RECURSION = YES;
				CLANG_WARN_INT_CONVERSION = YES;
				CLANG_WARN_NON_LITERAL_NULL_CONVERSION = YES;
				CLANG_WARN_OBJC_IMPLICIT_RETAIN_SELF = YES;
				CLANG_WARN_OBJC_LITERAL_CONVERSION = YES;
				CLANG_WARN_OBJC_ROOT_CLASS = YES_ERROR;
				CLANG_WARN_QUOTED_INCLUDE_IN_FRAMEWORK_HEADER = YES;
				CLANG_WARN_RANGE_LOOP_ANALYSIS = YES;
				CLANG_WARN_STRICT_PROTOTYPES = YES;
				CLANG_WARN_SUSPICIOUS_MOVE = YES;
				CLANG_WARN_UNGUARDED_AVAILABILITY = YES_AGGRESSIVE;
				CLANG_WARN_UNREACHABLE_CODE = YES;
				CLANG_WARN__DUPLICATE_METHOD_MATCH = YES;
				COPY_PHASE_STRIP = NO;
				DEBUG_INFORMATION_FORMAT = dwarf;
				ENABLE_STRICT_OBJC_MSGSEND = YES;
				ENABLE_TESTABILITY = YES;
				ENABLE_USER_SCRIPT_SANDBOXING = YES;
				GCC_C_LANGUAGE_STANDARD = gnu17;
				GCC_DYNAMIC_NO_PIC = NO;
				GCC_NO_COMMON_BLOCKS = YES;
				GCC_OPTIMIZATION_LEVEL = 0;
				GCC_PREPROCESSOR_DEFINITIONS = (
					"DEBUG=1",
					"$(inherited)",
				);
				GCC_WARN_64_TO_32_BIT_CONVERSION = YES;
				GCC_WARN_ABOUT_RETURN_TYPE = YES_ERROR;
				GCC_WARN_UNDECLARED_SELECTOR = YES;
				GCC_WARN_UNINITIALIZED_AUTOS = YES_AGGRESSIVE;
				GCC_WARN_UNUSED_FUNCTION = YES;
				GCC_WARN_UNUSED_VARIABLE = YES;
				IPHONEOS_DEPLOYMENT_TARGET = 17.4;
				LOCALIZATION_PREFERS_STRING_CATALOGS = YES;
				MTL_ENABLE_DEBUG_INFO = INCLUDE_SOURCE;
				MTL_FAST_MATH = YES;
				ONLY_ACTIVE_ARCH = YES;
				SDKROOT = iphoneos;
				SWIFT_ACTIVE_COMPILATION_CONDITIONS = "DEBUG $(inherited)";
				SWIFT_OPTIMIZATION_LEVEL = "-Onone";
			};
			name = Debug;
		};
		924DA76B2BD940D20097AADC /* Release */ = {
			isa = XCBuildConfiguration;
			buildSettings = {
				ALWAYS_SEARCH_USER_PATHS = NO;
				ASSETCATALOG_COMPILER_GENERATE_SWIFT_ASSET_SYMBOL_EXTENSIONS = YES;
				CLANG_ANALYZER_NONNULL = YES;
				CLANG_ANALYZER_NUMBER_OBJECT_CONVERSION = YES_AGGRESSIVE;
				CLANG_CXX_LANGUAGE_STANDARD = "gnu++20";
				CLANG_ENABLE_MODULES = YES;
				CLANG_ENABLE_OBJC_ARC = YES;
				CLANG_ENABLE_OBJC_WEAK = YES;
				CLANG_WARN_BLOCK_CAPTURE_AUTORELEASING = YES;
				CLANG_WARN_BOOL_CONVERSION = YES;
				CLANG_WARN_COMMA = YES;
				CLANG_WARN_CONSTANT_CONVERSION = YES;
				CLANG_WARN_DEPRECATED_OBJC_IMPLEMENTATIONS = YES;
				CLANG_WARN_DIRECT_OBJC_ISA_USAGE = YES_ERROR;
				CLANG_WARN_DOCUMENTATION_COMMENTS = YES;
				CLANG_WARN_EMPTY_BODY = YES;
				CLANG_WARN_ENUM_CONVERSION = YES;
				CLANG_WARN_INFINITE_RECURSION = YES;
				CLANG_WARN_INT_CONVERSION = YES;
				CLANG_WARN_NON_LITERAL_NULL_CONVERSION = YES;
				CLANG_WARN_OBJC_IMPLICIT_RETAIN_SELF = YES;
				CLANG_WARN_OBJC_LITERAL_CONVERSION = YES;
				CLANG_WARN_OBJC_ROOT_CLASS = YES_ERROR;
				CLANG_WARN_QUOTED_INCLUDE_IN_FRAMEWORK_HEADER = YES;
				CLANG_WARN_RANGE_LOOP_ANALYSIS = YES;
				CLANG_WARN_STRICT_PROTOTYPES = YES;
				CLANG_WARN_SUSPICIOUS_MOVE = YES;
				CLANG_WARN_UNGUARDED_AVAILABILITY = YES_AGGRESSIVE;
				CLANG_WARN_UNREACHABLE_CODE = YES;
				CLANG_WARN__DUPLICATE_METHOD_MATCH = YES;
				COPY_PHASE_STRIP = NO;
				DEBUG_INFORMATION_FORMAT = "dwarf-with-dsym";
				ENABLE_NS_ASSERTIONS = NO;
				ENABLE_STRICT_OBJC_MSGSEND = YES;
				ENABLE_USER_SCRIPT_SANDBOXING = YES;
				GCC_C_LANGUAGE_STANDARD = gnu17;
				GCC_NO_COMMON_BLOCKS = YES;
				GCC_WARN_64_TO_32_BIT_CONVERSION = YES;
				GCC_WARN_ABOUT_RETURN_TYPE = YES_ERROR;
				GCC_WARN_UNDECLARED_SELECTOR = YES;
				GCC_WARN_UNINITIALIZED_AUTOS = YES_AGGRESSIVE;
				GCC_WARN_UNUSED_FUNCTION = YES;
				GCC_WARN_UNUSED_VARIABLE = YES;
				IPHONEOS_DEPLOYMENT_TARGET = 17.4;
				LOCALIZATION_PREFERS_STRING_CATALOGS = YES;
				MTL_ENABLE_DEBUG_INFO = NO;
				MTL_FAST_MATH = YES;
				SDKROOT = iphoneos;
				SWIFT_COMPILATION_MODE = wholemodule;
				VALIDATE_PRODUCT = YES;
			};
			name = Release;
		};
		924DA76D2BD940D20097AADC /* Debug */ = {
			isa = XCBuildConfiguration;
			buildSettings = {
				ASSETCATALOG_COMPILER_APPICON_NAME = AppIcon;
				ASSETCATALOG_COMPILER_GLOBAL_ACCENT_COLOR_NAME = AccentColor;
				CODE_SIGN_STYLE = Automatic;
				CURRENT_PROJECT_VERSION = 1;
				DEVELOPMENT_TEAM = UBF8Y35H4W;
				GENERATE_INFOPLIST_FILE = YES;
				INFOPLIST_FILE = WeatherAPP/Info.plist;
				INFOPLIST_KEY_UIApplicationSupportsIndirectInputEvents = YES;
				INFOPLIST_KEY_UILaunchStoryboardName = LaunchScreen;
				INFOPLIST_KEY_UIMainStoryboardFile = "";
				INFOPLIST_KEY_UISupportedInterfaceOrientations_iPad = "UIInterfaceOrientationPortrait UIInterfaceOrientationPortraitUpsideDown UIInterfaceOrientationLandscapeLeft UIInterfaceOrientationLandscapeRight";
				INFOPLIST_KEY_UISupportedInterfaceOrientations_iPhone = "UIInterfaceOrientationPortrait UIInterfaceOrientationLandscapeLeft UIInterfaceOrientationLandscapeRight";
				LD_RUNPATH_SEARCH_PATHS = (
					"$(inherited)",
					"@executable_path/Frameworks",
				);
				MARKETING_VERSION = 1.0;
				PRODUCT_BUNDLE_IDENTIFIER = com.atl.WeatherAPP;
				PRODUCT_NAME = "$(TARGET_NAME)";
				SWIFT_EMIT_LOC_STRINGS = YES;
				SWIFT_VERSION = 5.0;
				TARGETED_DEVICE_FAMILY = "1,2";
			};
			name = Debug;
		};
		924DA76E2BD940D20097AADC /* Release */ = {
			isa = XCBuildConfiguration;
			buildSettings = {
				ASSETCATALOG_COMPILER_APPICON_NAME = AppIcon;
				ASSETCATALOG_COMPILER_GLOBAL_ACCENT_COLOR_NAME = AccentColor;
				CODE_SIGN_STYLE = Automatic;
				CURRENT_PROJECT_VERSION = 1;
				DEVELOPMENT_TEAM = UBF8Y35H4W;
				GENERATE_INFOPLIST_FILE = YES;
				INFOPLIST_FILE = WeatherAPP/Info.plist;
				INFOPLIST_KEY_UIApplicationSupportsIndirectInputEvents = YES;
				INFOPLIST_KEY_UILaunchStoryboardName = LaunchScreen;
				INFOPLIST_KEY_UIMainStoryboardFile = "";
				INFOPLIST_KEY_UISupportedInterfaceOrientations_iPad = "UIInterfaceOrientationPortrait UIInterfaceOrientationPortraitUpsideDown UIInterfaceOrientationLandscapeLeft UIInterfaceOrientationLandscapeRight";
				INFOPLIST_KEY_UISupportedInterfaceOrientations_iPhone = "UIInterfaceOrientationPortrait UIInterfaceOrientationLandscapeLeft UIInterfaceOrientationLandscapeRight";
				LD_RUNPATH_SEARCH_PATHS = (
					"$(inherited)",
					"@executable_path/Frameworks",
				);
				MARKETING_VERSION = 1.0;
				PRODUCT_BUNDLE_IDENTIFIER = com.atl.WeatherAPP;
				PRODUCT_NAME = "$(TARGET_NAME)";
				SWIFT_EMIT_LOC_STRINGS = YES;
				SWIFT_VERSION = 5.0;
				TARGETED_DEVICE_FAMILY = "1,2";
			};
			name = Release;
		};
/* End XCBuildConfiguration section */

/* Begin XCConfigurationList section */
		924DA7532BD940D00097AADC /* Build configuration list for PBXProject "WeatherAPP" */ = {
			isa = XCConfigurationList;
			buildConfigurations = (
				924DA76A2BD940D20097AADC /* Debug */,
				924DA76B2BD940D20097AADC /* Release */,
			);
			defaultConfigurationIsVisible = 0;
			defaultConfigurationName = Release;
		};
		924DA76C2BD940D20097AADC /* Build configuration list for PBXNativeTarget "WeatherAPP" */ = {
			isa = XCConfigurationList;
			buildConfigurations = (
				924DA76D2BD940D20097AADC /* Debug */,
				924DA76E2BD940D20097AADC /* Release */,
			);
			defaultConfigurationIsVisible = 0;
			defaultConfigurationName = Release;
		};
/* End XCConfigurationList section */

/* Begin XCRemoteSwiftPackageReference section */
		924DA78F2BD962A80097AADC /* XCRemoteSwiftPackageReference "SDWebImage" */ = {
			isa = XCRemoteSwiftPackageReference;
			repositoryURL = "https://github.com/SDWebImage/SDWebImage";
			requirement = {
				kind = upToNextMajorVersion;
				minimumVersion = 5.19.1;
			};
		};
/* End XCRemoteSwiftPackageReference section */

/* Begin XCSwiftPackageProductDependency section */
		924DA7902BD962A80097AADC /* SDWebImage */ = {
			isa = XCSwiftPackageProductDependency;
			package = 924DA78F2BD962A80097AADC /* XCRemoteSwiftPackageReference "SDWebImage" */;
			productName = SDWebImage;
		};
		924DA7922BD962A80097AADC /* SDWebImageMapKit */ = {
			isa = XCSwiftPackageProductDependency;
			package = 924DA78F2BD962A80097AADC /* XCRemoteSwiftPackageReference "SDWebImage" */;
			productName = SDWebImageMapKit;
		};
/* End XCSwiftPackageProductDependency section */
	};
	rootObject = 924DA7502BD940D00097AADC /* Project object */;
}
