{
  "originHash" : "12db56f74b3a417f2cdd02cadfdca62088509988c4ecc94a501cc330ed224293",
  "pins" : [
    {
      "identity" : "realm-core",
      "kind" : "remoteSourceControl",
      "location" : "https://github.com/realm/realm-core.git",
      "state" : {
        "revision" : "4d815c6e6883bfdcb67cf755d0f0f29a4b399ea7",
        "version" : "14.5.2"
      }
    },
    {
      "identity" : "realm-swift",
      "kind" : "remoteSourceControl",
      "location" : "https://github.com/realm/realm-swift.git",
      "state" : {
        "branch" : "master",
        "revision" : "3a9586b62042a4e010f3d3439b67a4779017fe07"
      }
    },
    {
      "identity" : "sdwebimage",
      "kind" : "remoteSourceControl",
      "location" : "https://github.com/SDWebImage/SDWebImage",
      "state" : {
        "revision" : "f6afa0132961d593f07970d84e2d8b588c29ea04",
        "version" : "5.19.1"
      }
    }
  ],
  "version" : 3
}
